
Microsoft Visual Studio Solution File, Format Version 12.00
# Visual Studio Version 17
VisualStudioVersion = 17.13.35931.197 d17.13
MinimumVisualStudioVersion = 10.0.40219.1
Project("{FAE04EC0-301F-11D3-BF4B-00C04F79EFBC}") = "Ex01", "Ex01\Ex01.csproj", "{6AE464CA-48B9-4D90-AB46-237CF5B8D5F0}"
EndProject
Global
	GlobalSection(SolutionConfigurationPlatforms) = preSolution
		Debug|Any CPU = Debug|Any CPU
		Release|Any CPU = Release|Any CPU
	EndGlobalSection
	GlobalSection(ProjectConfigurationPlatforms) = postSolution
		{6AE464CA-48B9-4D90-AB46-237CF5B8D5F0}.Debug|Any CPU.ActiveCfg = Debug|Any CPU
		{6AE464CA-48B9-4D90-AB46-237CF5B8D5F0}.Debug|Any CPU.Build.0 = Debug|Any CPU
		{6AE464CA-48B9-4D90-AB46-237CF5B8D5F0}.Release|Any CPU.ActiveCfg = Release|Any CPU
		{6AE464CA-48B9-4D90-AB46-237CF5B8D5F0}.Release|Any CPU.Build.0 = Release|Any CPU
	EndGlobalSection
	GlobalSection(SolutionProperties) = preSolution
		HideSolutionNode = FALSE
	EndGlobalSection
	GlobalSection(ExtensibilityGlobals) = postSolution
		SolutionGuid = {C6D5FF65-F25D-4F4F-8E34-89C672A48365}
	EndGlobalSection
EndGlobal
